// !$*UTF8*$!
{
	archiveVersion = 1;
	classes = {
	};
	objectVersion = 50;
	objects = {

/* Begin PBXBuildFile section */
		8F0F8BB923604FCD006E5870 /* AppDelegate.m in Sources */ = {isa = PBXBuildFile; fileRef = 8F0F8BB823604FCD006E5870 /* AppDelegate.m */; };
		8F0F8BBF23604FCD006E5870 /* ViewController.m in Sources */ = {isa = PBXBuildFile; fileRef = 8F0F8BBE23604FCD006E5870 /* ViewController.m */; };
		8F0F8BC223604FCD006E5870 /* Main.storyboard in Resources */ = {isa = PBXBuildFile; fileRef = 8F0F8BC023604FCD006E5870 /* Main.storyboard */; };
		8F0F8BC423604FD0006E5870 /* Assets.xcassets in Resources */ = {isa = PBXBuildFile; fileRef = 8F0F8BC323604FD0006E5870 /* Assets.xcassets */; };
		8F0F8BC723604FD0006E5870 /* LaunchScreen.storyboard in Resources */ = {isa = PBXBuildFile; fileRef = 8F0F8BC523604FD0006E5870 /* LaunchScreen.storyboard */; };
		8F0F8BCA23604FD0006E5870 /* main.m in Sources */ = {isa = PBXBuildFile; fileRef = 8F0F8BC923604FD0006E5870 /* main.m */; };
		8F0F8BD423604FD0006E5870 /* NCDataBaseTests.m in Sources */ = {isa = PBXBuildFile; fileRef = 8F0F8BD323604FD0006E5870 /* NCDataBaseTests.m */; };
		8F0F8BDF23604FD0006E5870 /* NCDataBaseUITests.m in Sources */ = {isa = PBXBuildFile; fileRef = 8F0F8BDE23604FD0006E5870 /* NCDataBaseUITests.m */; };
		8F0F8BF623614300006E5870 /* Realm.framework in Frameworks */ = {isa = PBXBuildFile; fileRef = 8F0F8BF523614300006E5870 /* Realm.framework */; };
		8F0F8BF723614300006E5870 /* Realm.framework in Embed Frameworks */ = {isa = PBXBuildFile; fileRef = 8F0F8BF523614300006E5870 /* Realm.framework */; settings = {ATTRIBUTES = (CodeSignOnCopy, RemoveHeadersOnCopy, ); }; };
		8F0F8BFE2361456C006E5870 /* RealmHomeViewController.m in Sources */ = {isa = PBXBuildFile; fileRef = 8F0F8BFD2361456C006E5870 /* RealmHomeViewController.m */; };
		8F0F8C012361461F006E5870 /* Person.m in Sources */ = {isa = PBXBuildFile; fileRef = 8F0F8C002361461F006E5870 /* Person.m */; };
		8F0F8C0423614646006E5870 /* Dog.m in Sources */ = {isa = PBXBuildFile; fileRef = 8F0F8C0323614646006E5870 /* Dog.m */; };
		8F0F8C08236147CA006E5870 /* NCModel.m in Sources */ = {isa = PBXBuildFile; fileRef = 8F0F8C07236147CA006E5870 /* NCModel.m */; };
		8F0F8C0B236147F9006E5870 /* HandleRealmModel.m in Sources */ = {isa = PBXBuildFile; fileRef = 8F0F8C0A236147F9006E5870 /* HandleRealmModel.m */; };
		8F0F8C0E23618B3A006E5870 /* libc++.tbd in Frameworks */ = {isa = PBXBuildFile; fileRef = 8F0F8C0D23618B3A006E5870 /* libc++.tbd */; };
		8F0F8C1023618B44006E5870 /* libz.tbd in Frameworks */ = {isa = PBXBuildFile; fileRef = 8F0F8C0F23618B44006E5870 /* libz.tbd */; };
		8F3047DA2367E6860002721B /* CoreDataViewController.m in Sources */ = {isa = PBXBuildFile; fileRef = 8F3047D92367E6860002721B /* CoreDataViewController.m */; };
		8F3047E023680BAB0002721B /* Teacher+CoreDataProperties.m in Sources */ = {isa = PBXBuildFile; fileRef = 8F3047DF23680BAB0002721B /* Teacher+CoreDataProperties.m */; };
		8F3047E3236810F90002721B /* NCHandleCoreDataModel.m in Sources */ = {isa = PBXBuildFile; fileRef = 8F3047E2236810F90002721B /* NCHandleCoreDataModel.m */; };
		8F70A2742366C014005900DC /* FMDatabaseQueue.m in Sources */ = {isa = PBXBuildFile; fileRef = 8F70A2672366C013005900DC /* FMDatabaseQueue.m */; };
		8F70A2752366C014005900DC /* FMDatabaseAdditions.m in Sources */ = {isa = PBXBuildFile; fileRef = 8F70A26A2366C013005900DC /* FMDatabaseAdditions.m */; };
		8F70A2762366C014005900DC /* FMDatabase.m in Sources */ = {isa = PBXBuildFile; fileRef = 8F70A26B2366C013005900DC /* FMDatabase.m */; };
		8F70A2772366C014005900DC /* FMDatabasePool.m in Sources */ = {isa = PBXBuildFile; fileRef = 8F70A26F2366C013005900DC /* FMDatabasePool.m */; };
		8F70A2782366C014005900DC /* FMResultSet.m in Sources */ = {isa = PBXBuildFile; fileRef = 8F70A2702366C013005900DC /* FMResultSet.m */; };
		8F70A27B2366C1C2005900DC /* libsqlite3.0.tbd in Frameworks */ = {isa = PBXBuildFile; fileRef = 8F70A27A2366C07F005900DC /* libsqlite3.0.tbd */; };
		8F70A27E2366C260005900DC /* HandleFMDBModel.m in Sources */ = {isa = PBXBuildFile; fileRef = 8F70A27D2366C260005900DC /* HandleFMDBModel.m */; };
		8F70A2812366C2C4005900DC /* People.m in Sources */ = {isa = PBXBuildFile; fileRef = 8F70A2802366C2C4005900DC /* People.m */; };
		8F70A2842366C462005900DC /* FMDBViewController.m in Sources */ = {isa = PBXBuildFile; fileRef = 8F70A2832366C462005900DC /* FMDBViewController.m */; };
		8F70A3C32366EA91005900DC /* MagicalRecordInternal.m in Sources */ = {isa = PBXBuildFile; fileRef = 8F70A3842366EA91005900DC /* MagicalRecordInternal.m */; };
		8F70A3C42366EA91005900DC /* MagicalRecord+iCloud.m in Sources */ = {isa = PBXBuildFile; fileRef = 8F70A3852366EA91005900DC /* MagicalRecord+iCloud.m */; };
		8F70A3C52366EA91005900DC /* MagicalRecord+Setup.m in Sources */ = {isa = PBXBuildFile; fileRef = 8F70A38A2366EA91005900DC /* MagicalRecord+Setup.m */; };
		8F70A3C62366EA91005900DC /* MagicalRecord+Actions.m in Sources */ = {isa = PBXBuildFile; fileRef = 8F70A38D2366EA91005900DC /* MagicalRecord+Actions.m */; };
		8F70A3C72366EA91005900DC /* MagicalRecord+ShorthandMethods.m in Sources */ = {isa = PBXBuildFile; fileRef = 8F70A3912366EA91005900DC /* MagicalRecord+ShorthandMethods.m */; };
		8F70A3C82366EA91005900DC /* MagicalRecord+Options.m in Sources */ = {isa = PBXBuildFile; fileRef = 8F70A3932366EA91005900DC /* MagicalRecord+Options.m */; };
		8F70A3C92366EA91005900DC /* MagicalRecord+ErrorHandling.m in Sources */ = {isa = PBXBuildFile; fileRef = 8F70A3942366EA91005900DC /* MagicalRecord+ErrorHandling.m */; };
		8F70A3CA2366EA91005900DC /* NSPersistentStore+MagicalRecord.m in Sources */ = {isa = PBXBuildFile; fileRef = 8F70A3972366EA91005900DC /* NSPersistentStore+MagicalRecord.m */; };
		8F70A3CB2366EA91005900DC /* NSManagedObjectModel+MagicalRecord.m in Sources */ = {isa = PBXBuildFile; fileRef = 8F70A3982366EA91005900DC /* NSManagedObjectModel+MagicalRecord.m */; };
		8F70A3CC2366EA91005900DC /* NSManagedObject+MagicalFinders.m in Sources */ = {isa = PBXBuildFile; fileRef = 8F70A39B2366EA91005900DC /* NSManagedObject+MagicalFinders.m */; };
		8F70A3CD2366EA91005900DC /* NSManagedObject+MagicalRecord.m in Sources */ = {isa = PBXBuildFile; fileRef = 8F70A39E2366EA91005900DC /* NSManagedObject+MagicalRecord.m */; };
		8F70A3CE2366EA91005900DC /* NSManagedObject+MagicalAggregation.m in Sources */ = {isa = PBXBuildFile; fileRef = 8F70A3A12366EA91005900DC /* NSManagedObject+MagicalAggregation.m */; };
		8F70A3CF2366EA91005900DC /* NSManagedObject+MagicalDataImport.m in Sources */ = {isa = PBXBuildFile; fileRef = 8F70A3A22366EA91005900DC /* NSManagedObject+MagicalDataImport.m */; };
		8F70A3D02366EA91005900DC /* NSManagedObject+MagicalRequests.m in Sources */ = {isa = PBXBuildFile; fileRef = 8F70A3A42366EA91005900DC /* NSManagedObject+MagicalRequests.m */; };
		8F70A3D12366EA91005900DC /* NSManagedObjectContext+MagicalSaves.m in Sources */ = {isa = PBXBuildFile; fileRef = 8F70A3AA2366EA91005900DC /* NSManagedObjectContext+MagicalSaves.m */; };
		8F70A3D22366EA91005900DC /* NSManagedObjectContext+MagicalObserving.m in Sources */ = {isa = PBXBuildFile; fileRef = 8F70A3AB2366EA91005900DC /* NSManagedObjectContext+MagicalObserving.m */; };
		8F70A3D32366EA91005900DC /* NSManagedObjectContext+MagicalRecord.m in Sources */ = {isa = PBXBuildFile; fileRef = 8F70A3AC2366EA91005900DC /* NSManagedObjectContext+MagicalRecord.m */; };
		8F70A3D42366EA91005900DC /* NSManagedObjectContext+MagicalChainSave.m in Sources */ = {isa = PBXBuildFile; fileRef = 8F70A3AE2366EA91005900DC /* NSManagedObjectContext+MagicalChainSave.m */; };
		8F70A3D52366EA91005900DC /* NSManagedObjectContext+MagicalThreading.m in Sources */ = {isa = PBXBuildFile; fileRef = 8F70A3AF2366EA91005900DC /* NSManagedObjectContext+MagicalThreading.m */; };
		8F70A3D62366EA91005900DC /* NSNumber+MagicalDataImport.m in Sources */ = {isa = PBXBuildFile; fileRef = 8F70A3B12366EA91005900DC /* NSNumber+MagicalDataImport.m */; };
		8F70A3D72366EA91005900DC /* NSAttributeDescription+MagicalDataImport.m in Sources */ = {isa = PBXBuildFile; fileRef = 8F70A3B62366EA91005900DC /* NSAttributeDescription+MagicalDataImport.m */; };
		8F70A3D82366EA91005900DC /* NSEntityDescription+MagicalDataImport.m in Sources */ = {isa = PBXBuildFile; fileRef = 8F70A3B92366EA91005900DC /* NSEntityDescription+MagicalDataImport.m */; };
		8F70A3D92366EA91005900DC /* MagicalImportFunctions.m in Sources */ = {isa = PBXBuildFile; fileRef = 8F70A3BA2366EA91005900DC /* MagicalImportFunctions.m */; };
		8F70A3DA2366EA91005900DC /* NSObject+MagicalDataImport.m in Sources */ = {isa = PBXBuildFile; fileRef = 8F70A3BB2366EA91005900DC /* NSObject+MagicalDataImport.m */; };
		8F70A3DB2366EA91005900DC /* NSRelationshipDescription+MagicalDataImport.m in Sources */ = {isa = PBXBuildFile; fileRef = 8F70A3BC2366EA91005900DC /* NSRelationshipDescription+MagicalDataImport.m */; };
		8F70A3DC2366EA91005900DC /* NSString+MagicalDataImport.m in Sources */ = {isa = PBXBuildFile; fileRef = 8F70A3BE2366EA91005900DC /* NSString+MagicalDataImport.m */; };
		8F70A3DD2366EA91005900DC /* NSPersistentStoreCoordinator+MagicalRecord.m in Sources */ = {isa = PBXBuildFile; fileRef = 8F70A3C12366EA91005900DC /* NSPersistentStoreCoordinator+MagicalRecord.m */; };
		8F9B89902367D1DD00D74675 /* Foundation.framework in Frameworks */ = {isa = PBXBuildFile; fileRef = 8F9B898F2367D1DD00D74675 /* Foundation.framework */; };
		8F9B899C2367D5E200D74675 /* Student+CoreDataClass.m in Sources */ = {isa = PBXBuildFile; fileRef = 8F9B89962367D5E200D74675 /* Student+CoreDataClass.m */; };
		8F9B899D2367D5E200D74675 /* Student+CoreDataProperties.m in Sources */ = {isa = PBXBuildFile; fileRef = 8F9B89972367D5E200D74675 /* Student+CoreDataProperties.m */; };
		8F9B899E2367D5E200D74675 /* Teacher+CoreDataClass.m in Sources */ = {isa = PBXBuildFile; fileRef = 8F9B899A2367D5E200D74675 /* Teacher+CoreDataClass.m */; };
		8F9B89A22367D65700D74675 /* AppDelegate+Magicalrecord.m in Sources */ = {isa = PBXBuildFile; fileRef = 8F9B89A12367D65700D74675 /* AppDelegate+Magicalrecord.m */; };
/* End PBXBuildFile section */

/* Begin PBXContainerItemProxy section */
		8F0F8BD023604FD0006E5870 /* PBXContainerItemProxy */ = {
			isa = PBXContainerItemProxy;
			containerPortal = 8F0F8BAC23604FCD006E5870 /* Project object */;
			proxyType = 1;
			remoteGlobalIDString = 8F0F8BB323604FCD006E5870;
			remoteInfo = NCDataBase;
		};
		8F0F8BDB23604FD0006E5870 /* PBXContainerItemProxy */ = {
			isa = PBXContainerItemProxy;
			containerPortal = 8F0F8BAC23604FCD006E5870 /* Project object */;
			proxyType = 1;
			remoteGlobalIDString = 8F0F8BB323604FCD006E5870;
			remoteInfo = NCDataBase;
		};
/* End PBXContainerItemProxy section */

/* Begin PBXCopyFilesBuildPhase section */
		8F0F8BF823614300006E5870 /* Embed Frameworks */ = {
			isa = PBXCopyFilesBuildPhase;
			buildActionMask = 2147483647;
			dstPath = "";
			dstSubfolderSpec = 10;
			files = (
				8F0F8BF723614300006E5870 /* Realm.framework in Embed Frameworks */,
			);
			name = "Embed Frameworks";
			runOnlyForDeploymentPostprocessing = 0;
		};
/* End PBXCopyFilesBuildPhase section */

/* Begin PBXFileReference section */
		8F0F8BB423604FCD006E5870 /* NCDataBase.app */ = {isa = PBXFileReference; explicitFileType = wrapper.application; includeInIndex = 0; path = NCDataBase.app; sourceTree = BUILT_PRODUCTS_DIR; };
		8F0F8BB723604FCD006E5870 /* AppDelegate.h */ = {isa = PBXFileReference; lastKnownFileType = sourcecode.c.h; path = AppDelegate.h; sourceTree = "<group>"; };
		8F0F8BB823604FCD006E5870 /* AppDelegate.m */ = {isa = PBXFileReference; lastKnownFileType = sourcecode.c.objc; path = AppDelegate.m; sourceTree = "<group>"; };
		8F0F8BBD23604FCD006E5870 /* ViewController.h */ = {isa = PBXFileReference; lastKnownFileType = sourcecode.c.h; path = ViewController.h; sourceTree = "<group>"; };
		8F0F8BBE23604FCD006E5870 /* ViewController.m */ = {isa = PBXFileReference; lastKnownFileType = sourcecode.c.objc; path = ViewController.m; sourceTree = "<group>"; };
		8F0F8BC123604FCD006E5870 /* Base */ = {isa = PBXFileReference; lastKnownFileType = file.storyboard; name = Base; path = Base.lproj/Main.storyboard; sourceTree = "<group>"; };
		8F0F8BC323604FD0006E5870 /* Assets.xcassets */ = {isa = PBXFileReference; lastKnownFileType = folder.assetcatalog; path = Assets.xcassets; sourceTree = "<group>"; };
		8F0F8BC623604FD0006E5870 /* Base */ = {isa = PBXFileReference; lastKnownFileType = file.storyboard; name = Base; path = Base.lproj/LaunchScreen.storyboard; sourceTree = "<group>"; };
		8F0F8BC823604FD0006E5870 /* Info.plist */ = {isa = PBXFileReference; lastKnownFileType = text.plist.xml; path = Info.plist; sourceTree = "<group>"; };
		8F0F8BC923604FD0006E5870 /* main.m */ = {isa = PBXFileReference; lastKnownFileType = sourcecode.c.objc; path = main.m; sourceTree = "<group>"; };
		8F0F8BCF23604FD0006E5870 /* NCDataBaseTests.xctest */ = {isa = PBXFileReference; explicitFileType = wrapper.cfbundle; includeInIndex = 0; path = NCDataBaseTests.xctest; sourceTree = BUILT_PRODUCTS_DIR; };
		8F0F8BD323604FD0006E5870 /* NCDataBaseTests.m */ = {isa = PBXFileReference; lastKnownFileType = sourcecode.c.objc; path = NCDataBaseTests.m; sourceTree = "<group>"; };
		8F0F8BD523604FD0006E5870 /* Info.plist */ = {isa = PBXFileReference; lastKnownFileType = text.plist.xml; path = Info.plist; sourceTree = "<group>"; };
		8F0F8BDA23604FD0006E5870 /* NCDataBaseUITests.xctest */ = {isa = PBXFileReference; explicitFileType = wrapper.cfbundle; includeInIndex = 0; path = NCDataBaseUITests.xctest; sourceTree = BUILT_PRODUCTS_DIR; };
		8F0F8BDE23604FD0006E5870 /* NCDataBaseUITests.m */ = {isa = PBXFileReference; lastKnownFileType = sourcecode.c.objc; path = NCDataBaseUITests.m; sourceTree = "<group>"; };
		8F0F8BE023604FD0006E5870 /* Info.plist */ = {isa = PBXFileReference; lastKnownFileType = text.plist.xml; path = Info.plist; sourceTree = "<group>"; };
		8F0F8BF523614300006E5870 /* Realm.framework */ = {isa = PBXFileReference; lastKnownFileType = wrapper.framework; name = Realm.framework; path = NCDataBase/Realm/libs/Realm.framework; sourceTree = "<group>"; };
		8F0F8BFC2361456C006E5870 /* RealmHomeViewController.h */ = {isa = PBXFileReference; lastKnownFileType = sourcecode.c.h; path = RealmHomeViewController.h; sourceTree = "<group>"; };
		8F0F8BFD2361456C006E5870 /* RealmHomeViewController.m */ = {isa = PBXFileReference; lastKnownFileType = sourcecode.c.objc; path = RealmHomeViewController.m; sourceTree = "<group>"; };
		8F0F8BFF2361461F006E5870 /* Person.h */ = {isa = PBXFileReference; lastKnownFileType = sourcecode.c.h; path = Person.h; sourceTree = "<group>"; };
		8F0F8C002361461F006E5870 /* Person.m */ = {isa = PBXFileReference; lastKnownFileType = sourcecode.c.objc; path = Person.m; sourceTree = "<group>"; };
		8F0F8C0223614646006E5870 /* Dog.h */ = {isa = PBXFileReference; lastKnownFileType = sourcecode.c.h; path = Dog.h; sourceTree = "<group>"; };
		8F0F8C0323614646006E5870 /* Dog.m */ = {isa = PBXFileReference; lastKnownFileType = sourcecode.c.objc; path = Dog.m; sourceTree = "<group>"; };
		8F0F8C06236147CA006E5870 /* NCModel.h */ = {isa = PBXFileReference; fileEncoding = 4; lastKnownFileType = sourcecode.c.h; path = NCModel.h; sourceTree = "<group>"; };
		8F0F8C07236147CA006E5870 /* NCModel.m */ = {isa = PBXFileReference; fileEncoding = 4; lastKnownFileType = sourcecode.c.objc; path = NCModel.m; sourceTree = "<group>"; };
		8F0F8C09236147F9006E5870 /* HandleRealmModel.h */ = {isa = PBXFileReference; lastKnownFileType = sourcecode.c.h; path = HandleRealmModel.h; sourceTree = "<group>"; };
		8F0F8C0A236147F9006E5870 /* HandleRealmModel.m */ = {isa = PBXFileReference; lastKnownFileType = sourcecode.c.objc; path = HandleRealmModel.m; sourceTree = "<group>"; };
		8F0F8C0D23618B3A006E5870 /* libc++.tbd */ = {isa = PBXFileReference; lastKnownFileType = "sourcecode.text-based-dylib-definition"; name = "libc++.tbd"; path = "usr/lib/libc++.tbd"; sourceTree = SDKROOT; };
		8F0F8C0F23618B44006E5870 /* libz.tbd */ = {isa = PBXFileReference; lastKnownFileType = "sourcecode.text-based-dylib-definition"; name = libz.tbd; path = usr/lib/libz.tbd; sourceTree = SDKROOT; };
		8F3047D82367E6860002721B /* CoreDataViewController.h */ = {isa = PBXFileReference; lastKnownFileType = sourcecode.c.h; path = CoreDataViewController.h; sourceTree = "<group>"; };
		8F3047D92367E6860002721B /* CoreDataViewController.m */ = {isa = PBXFileReference; lastKnownFileType = sourcecode.c.objc; path = CoreDataViewController.m; sourceTree = "<group>"; };
		8F3047DF23680BAB0002721B /* Teacher+CoreDataProperties.m */ = {isa = PBXFileReference; lastKnownFileType = sourcecode.c.objc; path = "Teacher+CoreDataProperties.m"; sourceTree = "<group>"; };
		8F3047E1236810F90002721B /* NCHandleCoreDataModel.h */ = {isa = PBXFileReference; lastKnownFileType = sourcecode.c.h; path = NCHandleCoreDataModel.h; sourceTree = "<group>"; };
		8F3047E2236810F90002721B /* NCHandleCoreDataModel.m */ = {isa = PBXFileReference; lastKnownFileType = sourcecode.c.objc; path = NCHandleCoreDataModel.m; sourceTree = "<group>"; };
		8F70A2662366C013005900DC /* FMDatabase.h */ = {isa = PBXFileReference; fileEncoding = 4; lastKnownFileType = sourcecode.c.h; path = FMDatabase.h; sourceTree = "<group>"; };
		8F70A2672366C013005900DC /* FMDatabaseQueue.m */ = {isa = PBXFileReference; fileEncoding = 4; lastKnownFileType = sourcecode.c.objc; path = FMDatabaseQueue.m; sourceTree = "<group>"; };
		8F70A2682366C013005900DC /* FMResultSet.h */ = {isa = PBXFileReference; fileEncoding = 4; lastKnownFileType = sourcecode.c.h; path = FMResultSet.h; sourceTree = "<group>"; };
		8F70A2692366C013005900DC /* FMDatabasePool.h */ = {isa = PBXFileReference; fileEncoding = 4; lastKnownFileType = sourcecode.c.h; path = FMDatabasePool.h; sourceTree = "<group>"; };
		8F70A26A2366C013005900DC /* FMDatabaseAdditions.m */ = {isa = PBXFileReference; fileEncoding = 4; lastKnownFileType = sourcecode.c.objc; path = FMDatabaseAdditions.m; sourceTree = "<group>"; };
		8F70A26B2366C013005900DC /* FMDatabase.m */ = {isa = PBXFileReference; fileEncoding = 4; lastKnownFileType = sourcecode.c.objc; path = FMDatabase.m; sourceTree = "<group>"; };
		8F70A26C2366C013005900DC /* FMDatabaseQueue.h */ = {isa = PBXFileReference; fileEncoding = 4; lastKnownFileType = sourcecode.c.h; path = FMDatabaseQueue.h; sourceTree = "<group>"; };
		8F70A26D2366C013005900DC /* FMDB.h */ = {isa = PBXFileReference; fileEncoding = 4; lastKnownFileType = sourcecode.c.h; path = FMDB.h; sourceTree = "<group>"; };
		8F70A26E2366C013005900DC /* FMDatabaseAdditions.h */ = {isa = PBXFileReference; fileEncoding = 4; lastKnownFileType = sourcecode.c.h; path = FMDatabaseAdditions.h; sourceTree = "<group>"; };
		8F70A26F2366C013005900DC /* FMDatabasePool.m */ = {isa = PBXFileReference; fileEncoding = 4; lastKnownFileType = sourcecode.c.objc; path = FMDatabasePool.m; sourceTree = "<group>"; };
		8F70A2702366C013005900DC /* FMResultSet.m */ = {isa = PBXFileReference; fileEncoding = 4; lastKnownFileType = sourcecode.c.objc; path = FMResultSet.m; sourceTree = "<group>"; };
		8F70A27A2366C07F005900DC /* libsqlite3.0.tbd */ = {isa = PBXFileReference; lastKnownFileType = "sourcecode.text-based-dylib-definition"; name = libsqlite3.0.tbd; path = usr/lib/libsqlite3.0.tbd; sourceTree = SDKROOT; };
		8F70A27C2366C260005900DC /* HandleFMDBModel.h */ = {isa = PBXFileReference; lastKnownFileType = sourcecode.c.h; path = HandleFMDBModel.h; sourceTree = "<group>"; };
		8F70A27D2366C260005900DC /* HandleFMDBModel.m */ = {isa = PBXFileReference; lastKnownFileType = sourcecode.c.objc; path = HandleFMDBModel.m; sourceTree = "<group>"; };
		8F70A27F2366C2C4005900DC /* People.h */ = {isa = PBXFileReference; lastKnownFileType = sourcecode.c.h; path = People.h; sourceTree = "<group>"; };
		8F70A2802366C2C4005900DC /* People.m */ = {isa = PBXFileReference; lastKnownFileType = sourcecode.c.objc; path = People.m; sourceTree = "<group>"; };
		8F70A2822366C462005900DC /* FMDBViewController.h */ = {isa = PBXFileReference; lastKnownFileType = sourcecode.c.h; path = FMDBViewController.h; sourceTree = "<group>"; };
		8F70A2832366C462005900DC /* FMDBViewController.m */ = {isa = PBXFileReference; lastKnownFileType = sourcecode.c.objc; path = FMDBViewController.m; sourceTree = "<group>"; };
		8F70A3842366EA91005900DC /* MagicalRecordInternal.m */ = {isa = PBXFileReference; fileEncoding = 4; lastKnownFileType = sourcecode.c.objc; path = MagicalRecordInternal.m; sourceTree = "<group>"; };
		8F70A3852366EA91005900DC /* MagicalRecord+iCloud.m */ = {isa = PBXFileReference; fileEncoding = 4; lastKnownFileType = sourcecode.c.objc; path = "MagicalRecord+iCloud.m"; sourceTree = "<group>"; };
		8F70A3862366EA91005900DC /* MagicalRecord+Actions.h */ = {isa = PBXFileReference; fileEncoding = 4; lastKnownFileType = sourcecode.c.h; path = "MagicalRecord+Actions.h"; sourceTree = "<group>"; };
		8F70A3872366EA91005900DC /* MagicalRecordShorthandMethodAliases.h */ = {isa = PBXFileReference; fileEncoding = 4; lastKnownFileType = sourcecode.c.h; path = MagicalRecordShorthandMethodAliases.h; sourceTree = "<group>"; };
		8F70A3882366EA91005900DC /* MagicalRecordLogging.h */ = {isa = PBXFileReference; fileEncoding = 4; lastKnownFileType = sourcecode.c.h; path = MagicalRecordLogging.h; sourceTree = "<group>"; };
		8F70A3892366EA91005900DC /* MagicalRecord+ShorthandMethods.h */ = {isa = PBXFileReference; fileEncoding = 4; lastKnownFileType = sourcecode.c.h; path = "MagicalRecord+ShorthandMethods.h"; sourceTree = "<group>"; };
		8F70A38A2366EA91005900DC /* MagicalRecord+Setup.m */ = {isa = PBXFileReference; fileEncoding = 4; lastKnownFileType = sourcecode.c.objc; path = "MagicalRecord+Setup.m"; sourceTree = "<group>"; };
		8F70A38B2366EA91005900DC /* MagicalRecord+ErrorHandling.h */ = {isa = PBXFileReference; fileEncoding = 4; lastKnownFileType = sourcecode.c.h; path = "MagicalRecord+ErrorHandling.h"; sourceTree = "<group>"; };
		8F70A38C2366EA91005900DC /* MagicalRecord+Options.h */ = {isa = PBXFileReference; fileEncoding = 4; lastKnownFileType = sourcecode.c.h; path = "MagicalRecord+Options.h"; sourceTree = "<group>"; };
		8F70A38D2366EA91005900DC /* MagicalRecord+Actions.m */ = {isa = PBXFileReference; fileEncoding = 4; lastKnownFileType = sourcecode.c.objc; path = "MagicalRecord+Actions.m"; sourceTree = "<group>"; };
		8F70A38E2366EA91005900DC /* MagicalRecord+iCloud.h */ = {isa = PBXFileReference; fileEncoding = 4; lastKnownFileType = sourcecode.c.h; path = "MagicalRecord+iCloud.h"; sourceTree = "<group>"; };
		8F70A38F2366EA91005900DC /* MagicalRecordInternal.h */ = {isa = PBXFileReference; fileEncoding = 4; lastKnownFileType = sourcecode.c.h; path = MagicalRecordInternal.h; sourceTree = "<group>"; };
		8F70A3902366EA91005900DC /* MagicalRecordXcode7CompatibilityMacros.h */ = {isa = PBXFileReference; fileEncoding = 4; lastKnownFileType = sourcecode.c.h; path = MagicalRecordXcode7CompatibilityMacros.h; sourceTree = "<group>"; };
		8F70A3912366EA91005900DC /* MagicalRecord+ShorthandMethods.m */ = {isa = PBXFileReference; fileEncoding = 4; lastKnownFileType = sourcecode.c.objc; path = "MagicalRecord+ShorthandMethods.m"; sourceTree = "<group>"; };
		8F70A3922366EA91005900DC /* MagicalRecordDeprecationMacros.h */ = {isa = PBXFileReference; fileEncoding = 4; lastKnownFileType = sourcecode.c.h; path = MagicalRecordDeprecationMacros.h; sourceTree = "<group>"; };
		8F70A3932366EA91005900DC /* MagicalRecord+Options.m */ = {isa = PBXFileReference; fileEncoding = 4; lastKnownFileType = sourcecode.c.objc; path = "MagicalRecord+Options.m"; sourceTree = "<group>"; };
		8F70A3942366EA91005900DC /* MagicalRecord+ErrorHandling.m */ = {isa = PBXFileReference; fileEncoding = 4; lastKnownFileType = sourcecode.c.objc; path = "MagicalRecord+ErrorHandling.m"; sourceTree = "<group>"; };
		8F70A3952366EA91005900DC /* MagicalRecord+Setup.h */ = {isa = PBXFileReference; fileEncoding = 4; lastKnownFileType = sourcecode.c.h; path = "MagicalRecord+Setup.h"; sourceTree = "<group>"; };
		8F70A3972366EA91005900DC /* NSPersistentStore+MagicalRecord.m */ = {isa = PBXFileReference; fileEncoding = 4; lastKnownFileType = sourcecode.c.objc; path = "NSPersistentStore+MagicalRecord.m"; sourceTree = "<group>"; };
		8F70A3982366EA91005900DC /* NSManagedObjectModel+MagicalRecord.m */ = {isa = PBXFileReference; fileEncoding = 4; lastKnownFileType = sourcecode.c.objc; path = "NSManagedObjectModel+MagicalRecord.m"; sourceTree = "<group>"; };
		8F70A3992366EA91005900DC /* NSPersistentStoreCoordinator+MagicalRecord.h */ = {isa = PBXFileReference; fileEncoding = 4; lastKnownFileType = sourcecode.c.h; path = "NSPersistentStoreCoordinator+MagicalRecord.h"; sourceTree = "<group>"; };
		8F70A39B2366EA91005900DC /* NSManagedObject+MagicalFinders.m */ = {isa = PBXFileReference; fileEncoding = 4; lastKnownFileType = sourcecode.c.objc; path = "NSManagedObject+MagicalFinders.m"; sourceTree = "<group>"; };
		8F70A39C2366EA91005900DC /* NSManagedObject+MagicalDataImport.h */ = {isa = PBXFileReference; fileEncoding = 4; lastKnownFileType = sourcecode.c.h; path = "NSManagedObject+MagicalDataImport.h"; sourceTree = "<group>"; };
		8F70A39D2366EA91005900DC /* NSManagedObject+MagicalAggregation.h */ = {isa = PBXFileReference; fileEncoding = 4; lastKnownFileType = sourcecode.c.h; path = "NSManagedObject+MagicalAggregation.h"; sourceTree = "<group>"; };
		8F70A39E2366EA91005900DC /* NSManagedObject+MagicalRecord.m */ = {isa = PBXFileReference; fileEncoding = 4; lastKnownFileType = sourcecode.c.objc; path = "NSManagedObject+MagicalRecord.m"; sourceTree = "<group>"; };
		8F70A39F2366EA91005900DC /* NSManagedObject+MagicalRequests.h */ = {isa = PBXFileReference; fileEncoding = 4; lastKnownFileType = sourcecode.c.h; path = "NSManagedObject+MagicalRequests.h"; sourceTree = "<group>"; };
		8F70A3A02366EA91005900DC /* NSManagedObject+MagicalFinders.h */ = {isa = PBXFileReference; fileEncoding = 4; lastKnownFileType = sourcecode.c.h; path = "NSManagedObject+MagicalFinders.h"; sourceTree = "<group>"; };
		8F70A3A12366EA91005900DC /* NSManagedObject+MagicalAggregation.m */ = {isa = PBXFileReference; fileEncoding = 4; lastKnownFileType = sourcecode.c.objc; path = "NSManagedObject+MagicalAggregation.m"; sourceTree = "<group>"; };
		8F70A3A22366EA91005900DC /* NSManagedObject+MagicalDataImport.m */ = {isa = PBXFileReference; fileEncoding = 4; lastKnownFileType = sourcecode.c.objc; path = "NSManagedObject+MagicalDataImport.m"; sourceTree = "<group>"; };
		8F70A3A32366EA91005900DC /* NSManagedObject+MagicalRecord.h */ = {isa = PBXFileReference; fileEncoding = 4; lastKnownFileType = sourcecode.c.h; path = "NSManagedObject+MagicalRecord.h"; sourceTree = "<group>"; };
		8F70A3A42366EA91005900DC /* NSManagedObject+MagicalRequests.m */ = {isa = PBXFileReference; fileEncoding = 4; lastKnownFileType = sourcecode.c.objc; path = "NSManagedObject+MagicalRequests.m"; sourceTree = "<group>"; };
		8F70A3A62366EA91005900DC /* NSManagedObjectContext+MagicalObserving.h */ = {isa = PBXFileReference; fileEncoding = 4; lastKnownFileType = sourcecode.c.h; path = "NSManagedObjectContext+MagicalObserving.h"; sourceTree = "<group>"; };
		8F70A3A72366EA91005900DC /* NSManagedObjectContext+MagicalRecord.h */ = {isa = PBXFileReference; fileEncoding = 4; lastKnownFileType = sourcecode.c.h; path = "NSManagedObjectContext+MagicalRecord.h"; sourceTree = "<group>"; };
		8F70A3A82366EA91005900DC /* NSManagedObjectContext+MagicalThreading.h */ = {isa = PBXFileReference; fileEncoding = 4; lastKnownFileType = sourcecode.c.h; path = "NSManagedObjectContext+MagicalThreading.h"; sourceTree = "<group>"; };
		8F70A3A92366EA91005900DC /* NSManagedObjectContext+MagicalChainSave.h */ = {isa = PBXFileReference; fileEncoding = 4; lastKnownFileType = sourcecode.c.h; path = "NSManagedObjectContext+MagicalChainSave.h"; sourceTree = "<group>"; };
		8F70A3AA2366EA91005900DC /* NSManagedObjectContext+MagicalSaves.m */ = {isa = PBXFileReference; fileEncoding = 4; lastKnownFileType = sourcecode.c.objc; path = "NSManagedObjectContext+MagicalSaves.m"; sourceTree = "<group>"; };
		8F70A3AB2366EA91005900DC /* NSManagedObjectContext+MagicalObserving.m */ = {isa = PBXFileReference; fileEncoding = 4; lastKnownFileType = sourcecode.c.objc; path = "NSManagedObjectContext+MagicalObserving.m"; sourceTree = "<group>"; };
		8F70A3AC2366EA91005900DC /* NSManagedObjectContext+MagicalRecord.m */ = {isa = PBXFileReference; fileEncoding = 4; lastKnownFileType = sourcecode.c.objc; path = "NSManagedObjectContext+MagicalRecord.m"; sourceTree = "<group>"; };
		8F70A3AD2366EA91005900DC /* NSManagedObjectContext+MagicalSaves.h */ = {isa = PBXFileReference; fileEncoding = 4; lastKnownFileType = sourcecode.c.h; path = "NSManagedObjectContext+MagicalSaves.h"; sourceTree = "<group>"; };
		8F70A3AE2366EA91005900DC /* NSManagedObjectContext+MagicalChainSave.m */ = {isa = PBXFileReference; fileEncoding = 4; lastKnownFileType = sourcecode.c.objc; path = "NSManagedObjectContext+MagicalChainSave.m"; sourceTree = "<group>"; };
		8F70A3AF2366EA91005900DC /* NSManagedObjectContext+MagicalThreading.m */ = {isa = PBXFileReference; fileEncoding = 4; lastKnownFileType = sourcecode.c.objc; path = "NSManagedObjectContext+MagicalThreading.m"; sourceTree = "<group>"; };
		8F70A3B12366EA91005900DC /* NSNumber+MagicalDataImport.m */ = {isa = PBXFileReference; fileEncoding = 4; lastKnownFileType = sourcecode.c.objc; path = "NSNumber+MagicalDataImport.m"; sourceTree = "<group>"; };
		8F70A3B22366EA91005900DC /* NSRelationshipDescription+MagicalDataImport.h */ = {isa = PBXFileReference; fileEncoding = 4; lastKnownFileType = sourcecode.c.h; path = "NSRelationshipDescription+MagicalDataImport.h"; sourceTree = "<group>"; };
		8F70A3B32366EA91005900DC /* NSObject+MagicalDataImport.h */ = {isa = PBXFileReference; fileEncoding = 4; lastKnownFileType = sourcecode.c.h; path = "NSObject+MagicalDataImport.h"; sourceTree = "<group>"; };
		8F70A3B42366EA91005900DC /* MagicalImportFunctions.h */ = {isa = PBXFileReference; fileEncoding = 4; lastKnownFileType = sourcecode.c.h; path = MagicalImportFunctions.h; sourceTree = "<group>"; };
		8F70A3B52366EA91005900DC /* NSEntityDescription+MagicalDataImport.h */ = {isa = PBXFileReference; fileEncoding = 4; lastKnownFileType = sourcecode.c.h; path = "NSEntityDescription+MagicalDataImport.h"; sourceTree = "<group>"; };
		8F70A3B62366EA91005900DC /* NSAttributeDescription+MagicalDataImport.m */ = {isa = PBXFileReference; fileEncoding = 4; lastKnownFileType = sourcecode.c.objc; path = "NSAttributeDescription+MagicalDataImport.m"; sourceTree = "<group>"; };
		8F70A3B72366EA91005900DC /* NSString+MagicalDataImport.h */ = {isa = PBXFileReference; fileEncoding = 4; lastKnownFileType = sourcecode.c.h; path = "NSString+MagicalDataImport.h"; sourceTree = "<group>"; };
		8F70A3B82366EA91005900DC /* NSNumber+MagicalDataImport.h */ = {isa = PBXFileReference; fileEncoding = 4; lastKnownFileType = sourcecode.c.h; path = "NSNumber+MagicalDataImport.h"; sourceTree = "<group>"; };
		8F70A3B92366EA91005900DC /* NSEntityDescription+MagicalDataImport.m */ = {isa = PBXFileReference; fileEncoding = 4; lastKnownFileType = sourcecode.c.objc; path = "NSEntityDescription+MagicalDataImport.m"; sourceTree = "<group>"; };
		8F70A3BA2366EA91005900DC /* MagicalImportFunctions.m */ = {isa = PBXFileReference; fileEncoding = 4; lastKnownFileType = sourcecode.c.objc; path = MagicalImportFunctions.m; sourceTree = "<group>"; };
		8F70A3BB2366EA91005900DC /* NSObject+MagicalDataImport.m */ = {isa = PBXFileReference; fileEncoding = 4; lastKnownFileType = sourcecode.c.objc; path = "NSObject+MagicalDataImport.m"; sourceTree = "<group>"; };
		8F70A3BC2366EA91005900DC /* NSRelationshipDescription+MagicalDataImport.m */ = {isa = PBXFileReference; fileEncoding = 4; lastKnownFileType = sourcecode.c.objc; path = "NSRelationshipDescription+MagicalDataImport.m"; sourceTree = "<group>"; };
		8F70A3BD2366EA91005900DC /* NSAttributeDescription+MagicalDataImport.h */ = {isa = PBXFileReference; fileEncoding = 4; lastKnownFileType = sourcecode.c.h; path = "NSAttributeDescription+MagicalDataImport.h"; sourceTree = "<group>"; };
		8F70A3BE2366EA91005900DC /* NSString+MagicalDataImport.m */ = {isa = PBXFileReference; fileEncoding = 4; lastKnownFileType = sourcecode.c.objc; path = "NSString+MagicalDataImport.m"; sourceTree = "<group>"; };
		8F70A3BF2366EA91005900DC /* NSManagedObjectModel+MagicalRecord.h */ = {isa = PBXFileReference; fileEncoding = 4; lastKnownFileType = sourcecode.c.h; path = "NSManagedObjectModel+MagicalRecord.h"; sourceTree = "<group>"; };
		8F70A3C02366EA91005900DC /* NSPersistentStore+MagicalRecord.h */ = {isa = PBXFileReference; fileEncoding = 4; lastKnownFileType = sourcecode.c.h; path = "NSPersistentStore+MagicalRecord.h"; sourceTree = "<group>"; };
		8F70A3C12366EA91005900DC /* NSPersistentStoreCoordinator+MagicalRecord.m */ = {isa = PBXFileReference; fileEncoding = 4; lastKnownFileType = sourcecode.c.objc; path = "NSPersistentStoreCoordinator+MagicalRecord.m"; sourceTree = "<group>"; };
		8F70A3C22366EA91005900DC /* MagicalRecord.h */ = {isa = PBXFileReference; fileEncoding = 4; lastKnownFileType = sourcecode.c.h; path = MagicalRecord.h; sourceTree = "<group>"; };
		8F9B898F2367D1DD00D74675 /* Foundation.framework */ = {isa = PBXFileReference; lastKnownFileType = wrapper.framework; name = Foundation.framework; path = System/Library/Frameworks/Foundation.framework; sourceTree = SDKROOT; };
		8F9B89922367D3A200D74675 /* School.xcdatamodel */ = {isa = PBXFileReference; lastKnownFileType = wrapper.xcdatamodel; path = School.xcdatamodel; sourceTree = "<group>"; };
		8F9B89942367D5E200D74675 /* Student+CoreDataProperties.h */ = {isa = PBXFileReference; lastKnownFileType = sourcecode.c.h; path = "Student+CoreDataProperties.h"; sourceTree = "<group>"; };
		8F9B89952367D5E200D74675 /* Student+CoreDataClass.h */ = {isa = PBXFileReference; lastKnownFileType = sourcecode.c.h; path = "Student+CoreDataClass.h"; sourceTree = "<group>"; };
		8F9B89962367D5E200D74675 /* Student+CoreDataClass.m */ = {isa = PBXFileReference; lastKnownFileType = sourcecode.c.objc; path = "Student+CoreDataClass.m"; sourceTree = "<group>"; };
		8F9B89972367D5E200D74675 /* Student+CoreDataProperties.m */ = {isa = PBXFileReference; lastKnownFileType = sourcecode.c.objc; path = "Student+CoreDataProperties.m"; sourceTree = "<group>"; };
		8F9B89982367D5E200D74675 /* Teacher+CoreDataProperties.h */ = {isa = PBXFileReference; lastKnownFileType = sourcecode.c.h; path = "Teacher+CoreDataProperties.h"; sourceTree = "<group>"; };
		8F9B89992367D5E200D74675 /* Teacher+CoreDataClass.h */ = {isa = PBXFileReference; lastKnownFileType = sourcecode.c.h; path = "Teacher+CoreDataClass.h"; sourceTree = "<group>"; };
		8F9B899A2367D5E200D74675 /* Teacher+CoreDataClass.m */ = {isa = PBXFileReference; lastKnownFileType = sourcecode.c.objc; path = "Teacher+CoreDataClass.m"; sourceTree = "<group>"; };
		8F9B89A02367D65700D74675 /* AppDelegate+Magicalrecord.h */ = {isa = PBXFileReference; lastKnownFileType = sourcecode.c.h; path = "AppDelegate+Magicalrecord.h"; sourceTree = "<group>"; };
		8F9B89A12367D65700D74675 /* AppDelegate+Magicalrecord.m */ = {isa = PBXFileReference; lastKnownFileType = sourcecode.c.objc; path = "AppDelegate+Magicalrecord.m"; sourceTree = "<group>"; };
/* End PBXFileReference section */

/* Begin PBXFrameworksBuildPhase section */
		8F0F8BB123604FCD006E5870 /* Frameworks */ = {
			isa = PBXFrameworksBuildPhase;
			buildActionMask = 2147483647;
			files = (
				8F9B89902367D1DD00D74675 /* Foundation.framework in Frameworks */,
				8F0F8C1023618B44006E5870 /* libz.tbd in Frameworks */,
				8F0F8C0E23618B3A006E5870 /* libc++.tbd in Frameworks */,
				8F70A27B2366C1C2005900DC /* libsqlite3.0.tbd in Frameworks */,
				8F0F8BF623614300006E5870 /* Realm.framework in Frameworks */,
			);
			runOnlyForDeploymentPostprocessing = 0;
		};
		8F0F8BCC23604FD0006E5870 /* Frameworks */ = {
			isa = PBXFrameworksBuildPhase;
			buildActionMask = 2147483647;
			files = (
			);
			runOnlyForDeploymentPostprocessing = 0;
		};
		8F0F8BD723604FD0006E5870 /* Frameworks */ = {
			isa = PBXFrameworksBuildPhase;
			buildActionMask = 2147483647;
			files = (
			);
			runOnlyForDeploymentPostprocessing = 0;
		};
/* End PBXFrameworksBuildPhase section */

/* Begin PBXGroup section */
		8F0F8BAB23604FCD006E5870 = {
			isa = PBXGroup;
			children = (
				8F0F8BB623604FCD006E5870 /* NCDataBase */,
				8F0F8BD223604FD0006E5870 /* NCDataBaseTests */,
				8F0F8BDD23604FD0006E5870 /* NCDataBaseUITests */,
				8F0F8BB523604FCD006E5870 /* Products */,
				8F0F8BF423614300006E5870 /* Frameworks */,
			);
			sourceTree = "<group>";
		};
		8F0F8BB523604FCD006E5870 /* Products */ = {
			isa = PBXGroup;
			children = (
				8F0F8BB423604FCD006E5870 /* NCDataBase.app */,
				8F0F8BCF23604FD0006E5870 /* NCDataBaseTests.xctest */,
				8F0F8BDA23604FD0006E5870 /* NCDataBaseUITests.xctest */,
			);
			name = Products;
			sourceTree = "<group>";
		};
		8F0F8BB623604FCD006E5870 /* NCDataBase */ = {
			isa = PBXGroup;
			children = (
				8F0F8C0523614767006E5870 /* Common */,
				8F0F8BEE23605057006E5870 /* Core Data */,
				8F0F8BED23605057006E5870 /* FMDB */,
				8F0F8BEC23605057006E5870 /* Realm */,
				8F0F8BEF23605057006E5870 /* SQLite3 */,
				8F0F8BB723604FCD006E5870 /* AppDelegate.h */,
				8F0F8BB823604FCD006E5870 /* AppDelegate.m */,
				8F9B89A02367D65700D74675 /* AppDelegate+Magicalrecord.h */,
				8F9B89A12367D65700D74675 /* AppDelegate+Magicalrecord.m */,
				8F0F8BBD23604FCD006E5870 /* ViewController.h */,
				8F0F8BBE23604FCD006E5870 /* ViewController.m */,
				8F0F8BC023604FCD006E5870 /* Main.storyboard */,
				8F0F8BC323604FD0006E5870 /* Assets.xcassets */,
				8F0F8BC523604FD0006E5870 /* LaunchScreen.storyboard */,
				8F0F8BC823604FD0006E5870 /* Info.plist */,
				8F0F8BC923604FD0006E5870 /* main.m */,
			);
			path = NCDataBase;
			sourceTree = "<group>";
		};
		8F0F8BD223604FD0006E5870 /* NCDataBaseTests */ = {
			isa = PBXGroup;
			children = (
				8F0F8BD323604FD0006E5870 /* NCDataBaseTests.m */,
				8F0F8BD523604FD0006E5870 /* Info.plist */,
			);
			path = NCDataBaseTests;
			sourceTree = "<group>";
		};
		8F0F8BDD23604FD0006E5870 /* NCDataBaseUITests */ = {
			isa = PBXGroup;
			children = (
				8F0F8BDE23604FD0006E5870 /* NCDataBaseUITests.m */,
				8F0F8BE023604FD0006E5870 /* Info.plist */,
			);
			path = NCDataBaseUITests;
			sourceTree = "<group>";
		};
		8F0F8BEC23605057006E5870 /* Realm */ = {
			isa = PBXGroup;
			children = (
				8F0F8BF223614254006E5870 /* libs */,
				8F0F8BF123614254006E5870 /* Model */,
				8F0F8BF023614254006E5870 /* View */,
				8F0F8BF323614255006E5870 /* ViewController */,
			);
			path = Realm;
			sourceTree = "<group>";
		};
		8F0F8BED23605057006E5870 /* FMDB */ = {
			isa = PBXGroup;
			children = (
				8F70A2642366C013005900DC /* Libs */,
				8F70A2732366C014005900DC /* Model */,
				8F70A2722366C013005900DC /* View */,
				8F70A2632366C013005900DC /* ViewController */,
			);
			path = FMDB;
			sourceTree = "<group>";
		};
		8F0F8BEE23605057006E5870 /* Core Data */ = {
			isa = PBXGroup;
			children = (
				8F9B89912367D3A200D74675 /* School.xcdatamodeld */,
				8F70A2882366E7E9005900DC /* Libs */,
				8F70A2872366E7E9005900DC /* Model */,
				8F70A2852366E7E8005900DC /* View */,
				8F70A2862366E7E8005900DC /* ViewController */,
			);
			path = "Core Data";
			sourceTree = "<group>";
		};
		8F0F8BEF23605057006E5870 /* SQLite3 */ = {
			isa = PBXGroup;
			children = (
			);
			path = SQLite3;
			sourceTree = "<group>";
		};
		8F0F8BF023614254006E5870 /* View */ = {
			isa = PBXGroup;
			children = (
			);
			path = View;
			sourceTree = "<group>";
		};
		8F0F8BF123614254006E5870 /* Model */ = {
			isa = PBXGroup;
			children = (
				8F0F8BFF2361461F006E5870 /* Person.h */,
				8F0F8C002361461F006E5870 /* Person.m */,
				8F0F8C0223614646006E5870 /* Dog.h */,
				8F0F8C0323614646006E5870 /* Dog.m */,
			);
			path = Model;
			sourceTree = "<group>";
		};
		8F0F8BF223614254006E5870 /* libs */ = {
			isa = PBXGroup;
			children = (
				8F0F8C09236147F9006E5870 /* HandleRealmModel.h */,
				8F0F8C0A236147F9006E5870 /* HandleRealmModel.m */,
			);
			path = libs;
			sourceTree = "<group>";
		};
		8F0F8BF323614255006E5870 /* ViewController */ = {
			isa = PBXGroup;
			children = (
				8F0F8BFC2361456C006E5870 /* RealmHomeViewController.h */,
				8F0F8BFD2361456C006E5870 /* RealmHomeViewController.m */,
			);
			path = ViewController;
			sourceTree = "<group>";
		};
		8F0F8BF423614300006E5870 /* Frameworks */ = {
			isa = PBXGroup;
			children = (
				8F9B898F2367D1DD00D74675 /* Foundation.framework */,
				8F70A27A2366C07F005900DC /* libsqlite3.0.tbd */,
				8F0F8C0F23618B44006E5870 /* libz.tbd */,
				8F0F8C0D23618B3A006E5870 /* libc++.tbd */,
				8F0F8BF523614300006E5870 /* Realm.framework */,
			);
			name = Frameworks;
			sourceTree = "<group>";
		};
		8F0F8C0523614767006E5870 /* Common */ = {
			isa = PBXGroup;
			children = (
				8F0F8C06236147CA006E5870 /* NCModel.h */,
				8F0F8C07236147CA006E5870 /* NCModel.m */,
			);
			path = Common;
			sourceTree = "<group>";
		};
		8F70A2632366C013005900DC /* ViewController */ = {
			isa = PBXGroup;
			children = (
				8F70A2822366C462005900DC /* FMDBViewController.h */,
				8F70A2832366C462005900DC /* FMDBViewController.m */,
			);
			path = ViewController;
			sourceTree = "<group>";
		};
		8F70A2642366C013005900DC /* Libs */ = {
			isa = PBXGroup;
			children = (
				8F70A2652366C013005900DC /* fmdb */,
			);
			path = Libs;
			sourceTree = "<group>";
		};
		8F70A2652366C013005900DC /* fmdb */ = {
			isa = PBXGroup;
			children = (
				8F70A2662366C013005900DC /* FMDatabase.h */,
				8F70A2672366C013005900DC /* FMDatabaseQueue.m */,
				8F70A2682366C013005900DC /* FMResultSet.h */,
				8F70A2692366C013005900DC /* FMDatabasePool.h */,
				8F70A26A2366C013005900DC /* FMDatabaseAdditions.m */,
				8F70A26B2366C013005900DC /* FMDatabase.m */,
				8F70A26C2366C013005900DC /* FMDatabaseQueue.h */,
				8F70A26D2366C013005900DC /* FMDB.h */,
				8F70A26E2366C013005900DC /* FMDatabaseAdditions.h */,
				8F70A26F2366C013005900DC /* FMDatabasePool.m */,
				8F70A2702366C013005900DC /* FMResultSet.m */,
			);
			path = fmdb;
			sourceTree = "<group>";
		};
		8F70A2722366C013005900DC /* View */ = {
			isa = PBXGroup;
			children = (
			);
			path = View;
			sourceTree = "<group>";
		};
		8F70A2732366C014005900DC /* Model */ = {
			isa = PBXGroup;
			children = (
				8F70A27C2366C260005900DC /* HandleFMDBModel.h */,
				8F70A27D2366C260005900DC /* HandleFMDBModel.m */,
				8F70A27F2366C2C4005900DC /* People.h */,
				8F70A2802366C2C4005900DC /* People.m */,
			);
			path = Model;
			sourceTree = "<group>";
		};
		8F70A2852366E7E8005900DC /* View */ = {
			isa = PBXGroup;
			children = (
			);
			path = View;
			sourceTree = "<group>";
		};
		8F70A2862366E7E8005900DC /* ViewController */ = {
			isa = PBXGroup;
			children = (
				8F3047D82367E6860002721B /* CoreDataViewController.h */,
				8F3047D92367E6860002721B /* CoreDataViewController.m */,
			);
			path = ViewController;
			sourceTree = "<group>";
		};
		8F70A2872366E7E9005900DC /* Model */ = {
			isa = PBXGroup;
			children = (
				8F9B89942367D5E200D74675 /* Student+CoreDataProperties.h */,
				8F9B89952367D5E200D74675 /* Student+CoreDataClass.h */,
				8F9B89962367D5E200D74675 /* Student+CoreDataClass.m */,
				8F9B89972367D5E200D74675 /* Student+CoreDataProperties.m */,
				8F9B89982367D5E200D74675 /* Teacher+CoreDataProperties.h */,
				8F9B89992367D5E200D74675 /* Teacher+CoreDataClass.h */,
				8F3047DF23680BAB0002721B /* Teacher+CoreDataProperties.m */,
				8F9B899A2367D5E200D74675 /* Teacher+CoreDataClass.m */,
				8F3047E1236810F90002721B /* NCHandleCoreDataModel.h */,
				8F3047E2236810F90002721B /* NCHandleCoreDataModel.m */,
			);
			path = Model;
			sourceTree = "<group>";
		};
		8F70A2882366E7E9005900DC /* Libs */ = {
			isa = PBXGroup;
			children = (
				8F70A3822366EA91005900DC /* MagicalRecord */,
			);
			path = Libs;
			sourceTree = "<group>";
		};
		8F70A3822366EA91005900DC /* MagicalRecord */ = {
			isa = PBXGroup;
			children = (
				8F70A3832366EA91005900DC /* Core */,
				8F70A3962366EA91005900DC /* Categories */,
				8F70A3C22366EA91005900DC /* MagicalRecord.h */,
			);
			path = MagicalRecord;
			sourceTree = "<group>";
		};
		8F70A3832366EA91005900DC /* Core */ = {
			isa = PBXGroup;
			children = (
				8F70A3842366EA91005900DC /* MagicalRecordInternal.m */,
				8F70A3852366EA91005900DC /* MagicalRecord+iCloud.m */,
				8F70A3862366EA91005900DC /* MagicalRecord+Actions.h */,
				8F70A3872366EA91005900DC /* MagicalRecordShorthandMethodAliases.h */,
				8F70A3882366EA91005900DC /* MagicalRecordLogging.h */,
				8F70A3892366EA91005900DC /* MagicalRecord+ShorthandMethods.h */,
				8F70A38A2366EA91005900DC /* MagicalRecord+Setup.m */,
				8F70A38B2366EA91005900DC /* MagicalRecord+ErrorHandling.h */,
				8F70A38C2366EA91005900DC /* MagicalRecord+Options.h */,
				8F70A38D2366EA91005900DC /* MagicalRecord+Actions.m */,
				8F70A38E2366EA91005900DC /* MagicalRecord+iCloud.h */,
				8F70A38F2366EA91005900DC /* MagicalRecordInternal.h */,
				8F70A3902366EA91005900DC /* MagicalRecordXcode7CompatibilityMacros.h */,
				8F70A3912366EA91005900DC /* MagicalRecord+ShorthandMethods.m */,
				8F70A3922366EA91005900DC /* MagicalRecordDeprecationMacros.h */,
				8F70A3932366EA91005900DC /* MagicalRecord+Options.m */,
				8F70A3942366EA91005900DC /* MagicalRecord+ErrorHandling.m */,
				8F70A3952366EA91005900DC /* MagicalRecord+Setup.h */,
			);
			path = Core;
			sourceTree = "<group>";
		};
		8F70A3962366EA91005900DC /* Categories */ = {
			isa = PBXGroup;
			children = (
				8F70A3972366EA91005900DC /* NSPersistentStore+MagicalRecord.m */,
				8F70A3982366EA91005900DC /* NSManagedObjectModel+MagicalRecord.m */,
				8F70A3992366EA91005900DC /* NSPersistentStoreCoordinator+MagicalRecord.h */,
				8F70A39A2366EA91005900DC /* NSManagedObject */,
				8F70A3A52366EA91005900DC /* NSManagedObjectContext */,
				8F70A3B02366EA91005900DC /* DataImport */,
				8F70A3BF2366EA91005900DC /* NSManagedObjectModel+MagicalRecord.h */,
				8F70A3C02366EA91005900DC /* NSPersistentStore+MagicalRecord.h */,
				8F70A3C12366EA91005900DC /* NSPersistentStoreCoordinator+MagicalRecord.m */,
			);
			path = Categories;
			sourceTree = "<group>";
		};
		8F70A39A2366EA91005900DC /* NSManagedObject */ = {
			isa = PBXGroup;
			children = (
				8F70A39B2366EA91005900DC /* NSManagedObject+MagicalFinders.m */,
				8F70A39C2366EA91005900DC /* NSManagedObject+MagicalDataImport.h */,
				8F70A39D2366EA91005900DC /* NSManagedObject+MagicalAggregation.h */,
				8F70A39E2366EA91005900DC /* NSManagedObject+MagicalRecord.m */,
				8F70A39F2366EA91005900DC /* NSManagedObject+MagicalRequests.h */,
				8F70A3A02366EA91005900DC /* NSManagedObject+MagicalFinders.h */,
				8F70A3A12366EA91005900DC /* NSManagedObject+MagicalAggregation.m */,
				8F70A3A22366EA91005900DC /* NSManagedObject+MagicalDataImport.m */,
				8F70A3A32366EA91005900DC /* NSManagedObject+MagicalRecord.h */,
				8F70A3A42366EA91005900DC /* NSManagedObject+MagicalRequests.m */,
			);
			path = NSManagedObject;
			sourceTree = "<group>";
		};
		8F70A3A52366EA91005900DC /* NSManagedObjectContext */ = {
			isa = PBXGroup;
			children = (
				8F70A3A62366EA91005900DC /* NSManagedObjectContext+MagicalObserving.h */,
				8F70A3A72366EA91005900DC /* NSManagedObjectContext+MagicalRecord.h */,
				8F70A3A82366EA91005900DC /* NSManagedObjectContext+MagicalThreading.h */,
				8F70A3A92366EA91005900DC /* NSManagedObjectContext+MagicalChainSave.h */,
				8F70A3AA2366EA91005900DC /* NSManagedObjectContext+MagicalSaves.m */,
				8F70A3AB2366EA91005900DC /* NSManagedObjectContext+MagicalObserving.m */,
				8F70A3AC2366EA91005900DC /* NSManagedObjectContext+MagicalRecord.m */,
				8F70A3AD2366EA91005900DC /* NSManagedObjectContext+MagicalSaves.h */,
				8F70A3AE2366EA91005900DC /* NSManagedObjectContext+MagicalChainSave.m */,
				8F70A3AF2366EA91005900DC /* NSManagedObjectContext+MagicalThreading.m */,
			);
			path = NSManagedObjectContext;
			sourceTree = "<group>";
		};
		8F70A3B02366EA91005900DC /* DataImport */ = {
			isa = PBXGroup;
			children = (
				8F70A3B12366EA91005900DC /* NSNumber+MagicalDataImport.m */,
				8F70A3B22366EA91005900DC /* NSRelationshipDescription+MagicalDataImport.h */,
				8F70A3B32366EA91005900DC /* NSObject+MagicalDataImport.h */,
				8F70A3B42366EA91005900DC /* MagicalImportFunctions.h */,
				8F70A3B52366EA91005900DC /* NSEntityDescription+MagicalDataImport.h */,
				8F70A3B62366EA91005900DC /* NSAttributeDescription+MagicalDataImport.m */,
				8F70A3B72366EA91005900DC /* NSString+MagicalDataImport.h */,
				8F70A3B82366EA91005900DC /* NSNumber+MagicalDataImport.h */,
				8F70A3B92366EA91005900DC /* NSEntityDescription+MagicalDataImport.m */,
				8F70A3BA2366EA91005900DC /* MagicalImportFunctions.m */,
				8F70A3BB2366EA91005900DC /* NSObject+MagicalDataImport.m */,
				8F70A3BC2366EA91005900DC /* NSRelationshipDescription+MagicalDataImport.m */,
				8F70A3BD2366EA91005900DC /* NSAttributeDescription+MagicalDataImport.h */,
				8F70A3BE2366EA91005900DC /* NSString+MagicalDataImport.m */,
			);
			path = DataImport;
			sourceTree = "<group>";
		};
/* End PBXGroup section */

/* Begin PBXNativeTarget section */
		8F0F8BB323604FCD006E5870 /* NCDataBase */ = {
			isa = PBXNativeTarget;
			buildConfigurationList = 8F0F8BE323604FD0006E5870 /* Build configuration list for PBXNativeTarget "NCDataBase" */;
			buildPhases = (
				8F0F8BB023604FCD006E5870 /* Sources */,
				8F0F8BB123604FCD006E5870 /* Frameworks */,
				8F0F8BB223604FCD006E5870 /* Resources */,
				8F0F8BF823614300006E5870 /* Embed Frameworks */,
			);
			buildRules = (
			);
			dependencies = (
			);
			name = NCDataBase;
			productName = NCDataBase;
			productReference = 8F0F8BB423604FCD006E5870 /* NCDataBase.app */;
			productType = "com.apple.product-type.application";
		};
		8F0F8BCE23604FD0006E5870 /* NCDataBaseTests */ = {
			isa = PBXNativeTarget;
			buildConfigurationList = 8F0F8BE623604FD0006E5870 /* Build configuration list for PBXNativeTarget "NCDataBaseTests" */;
			buildPhases = (
				8F0F8BCB23604FD0006E5870 /* Sources */,
				8F0F8BCC23604FD0006E5870 /* Frameworks */,
				8F0F8BCD23604FD0006E5870 /* Resources */,
			);
			buildRules = (
			);
			dependencies = (
				8F0F8BD123604FD0006E5870 /* PBXTargetDependency */,
			);
			name = NCDataBaseTests;
			productName = NCDataBaseTests;
			productReference = 8F0F8BCF23604FD0006E5870 /* NCDataBaseTests.xctest */;
			productType = "com.apple.product-type.bundle.unit-test";
		};
		8F0F8BD923604FD0006E5870 /* NCDataBaseUITests */ = {
			isa = PBXNativeTarget;
			buildConfigurationList = 8F0F8BE923604FD0006E5870 /* Build configuration list for PBXNativeTarget "NCDataBaseUITests" */;
			buildPhases = (
				8F0F8BD623604FD0006E5870 /* Sources */,
				8F0F8BD723604FD0006E5870 /* Frameworks */,
				8F0F8BD823604FD0006E5870 /* Resources */,
			);
			buildRules = (
			);
			dependencies = (
				8F0F8BDC23604FD0006E5870 /* PBXTargetDependency */,
			);
			name = NCDataBaseUITests;
			productName = NCDataBaseUITests;
			productReference = 8F0F8BDA23604FD0006E5870 /* NCDataBaseUITests.xctest */;
			productType = "com.apple.product-type.bundle.ui-testing";
		};
/* End PBXNativeTarget section */

/* Begin PBXProject section */
		8F0F8BAC23604FCD006E5870 /* Project object */ = {
			isa = PBXProject;
			attributes = {
				LastUpgradeCheck = 1110;
				ORGANIZATIONNAME = Nicolas;
				TargetAttributes = {
					8F0F8BB323604FCD006E5870 = {
						CreatedOnToolsVersion = 11.1;
					};
					8F0F8BCE23604FD0006E5870 = {
						CreatedOnToolsVersion = 11.1;
						TestTargetID = 8F0F8BB323604FCD006E5870;
					};
					8F0F8BD923604FD0006E5870 = {
						CreatedOnToolsVersion = 11.1;
						TestTargetID = 8F0F8BB323604FCD006E5870;
					};
				};
			};
			buildConfigurationList = 8F0F8BAF23604FCD006E5870 /* Build configuration list for PBXProject "NCDataBase" */;
			compatibilityVersion = "Xcode 9.3";
			developmentRegion = en;
			hasScannedForEncodings = 0;
			knownRegions = (
				en,
				Base,
			);
			mainGroup = 8F0F8BAB23604FCD006E5870;
			productRefGroup = 8F0F8BB523604FCD006E5870 /* Products */;
			projectDirPath = "";
			projectRoot = "";
			targets = (
				8F0F8BB323604FCD006E5870 /* NCDataBase */,
				8F0F8BCE23604FD0006E5870 /* NCDataBaseTests */,
				8F0F8BD923604FD0006E5870 /* NCDataBaseUITests */,
			);
		};
/* End PBXProject section */

/* Begin PBXResourcesBuildPhase section */
		8F0F8BB223604FCD006E5870 /* Resources */ = {
			isa = PBXResourcesBuildPhase;
			buildActionMask = 2147483647;
			files = (
				8F0F8BC723604FD0006E5870 /* LaunchScreen.storyboard in Resources */,
				8F0F8BC423604FD0006E5870 /* Assets.xcassets in Resources */,
				8F0F8BC223604FCD006E5870 /* Main.storyboard in Resources */,
			);
			runOnlyForDeploymentPostprocessing = 0;
		};
		8F0F8BCD23604FD0006E5870 /* Resources */ = {
			isa = PBXResourcesBuildPhase;
			buildActionMask = 2147483647;
			files = (
			);
			runOnlyForDeploymentPostprocessing = 0;
		};
		8F0F8BD823604FD0006E5870 /* Resources */ = {
			isa = PBXResourcesBuildPhase;
			buildActionMask = 2147483647;
			files = (
			);
			runOnlyForDeploymentPostprocessing = 0;
		};
/* End PBXResourcesBuildPhase section */

/* Begin PBXSourcesBuildPhase section */
		8F0F8BB023604FCD006E5870 /* Sources */ = {
			isa = PBXSourcesBuildPhase;
			buildActionMask = 2147483647;
			files = (
				8F70A3D82366EA91005900DC /* NSEntityDescription+MagicalDataImport.m in Sources */,
				8F70A3D52366EA91005900DC /* NSManagedObjectContext+MagicalThreading.m in Sources */,
				8F70A3CD2366EA91005900DC /* NSManagedObject+MagicalRecord.m in Sources */,
				8F70A3CE2366EA91005900DC /* NSManagedObject+MagicalAggregation.m in Sources */,
				8F3047E023680BAB0002721B /* Teacher+CoreDataProperties.m in Sources */,
				8F70A3CF2366EA91005900DC /* NSManagedObject+MagicalDataImport.m in Sources */,
				8F70A3DC2366EA91005900DC /* NSString+MagicalDataImport.m in Sources */,
				8F70A3C52366EA91005900DC /* MagicalRecord+Setup.m in Sources */,
				8F0F8C012361461F006E5870 /* Person.m in Sources */,
				8F3047E3236810F90002721B /* NCHandleCoreDataModel.m in Sources */,
				8F70A3C42366EA91005900DC /* MagicalRecord+iCloud.m in Sources */,
				8F70A3D92366EA91005900DC /* MagicalImportFunctions.m in Sources */,
				8F70A2772366C014005900DC /* FMDatabasePool.m in Sources */,
				8F70A3CC2366EA91005900DC /* NSManagedObject+MagicalFinders.m in Sources */,
				8F70A3C82366EA91005900DC /* MagicalRecord+Options.m in Sources */,
				8F3047DA2367E6860002721B /* CoreDataViewController.m in Sources */,
				8F0F8BBF23604FCD006E5870 /* ViewController.m in Sources */,
				8F9B89A22367D65700D74675 /* AppDelegate+Magicalrecord.m in Sources */,
				8F70A3D62366EA91005900DC /* NSNumber+MagicalDataImport.m in Sources */,
				8F0F8C0B236147F9006E5870 /* HandleRealmModel.m in Sources */,
				8F0F8BB923604FCD006E5870 /* AppDelegate.m in Sources */,
				8F70A3C92366EA91005900DC /* MagicalRecord+ErrorHandling.m in Sources */,
				8F70A3C72366EA91005900DC /* MagicalRecord+ShorthandMethods.m in Sources */,
				8F0F8BCA23604FD0006E5870 /* main.m in Sources */,
				8F70A3D32366EA91005900DC /* NSManagedObjectContext+MagicalRecord.m in Sources */,
				8F70A3D12366EA91005900DC /* NSManagedObjectContext+MagicalSaves.m in Sources */,
				8F70A3C32366EA91005900DC /* MagicalRecordInternal.m in Sources */,
				8F70A3D02366EA91005900DC /* NSManagedObject+MagicalRequests.m in Sources */,
				8F70A3D42366EA91005900DC /* NSManagedObjectContext+MagicalChainSave.m in Sources */,
				8F70A2782366C014005900DC /* FMResultSet.m in Sources */,
				8F70A2842366C462005900DC /* FMDBViewController.m in Sources */,
				8F0F8C0423614646006E5870 /* Dog.m in Sources */,
				8F70A3CB2366EA91005900DC /* NSManagedObjectModel+MagicalRecord.m in Sources */,
				8F70A3DB2366EA91005900DC /* NSRelationshipDescription+MagicalDataImport.m in Sources */,
				8F70A3D22366EA91005900DC /* NSManagedObjectContext+MagicalObserving.m in Sources */,
				8F70A3DA2366EA91005900DC /* NSObject+MagicalDataImport.m in Sources */,
				8F0F8C08236147CA006E5870 /* NCModel.m in Sources */,
				8F0F8BFE2361456C006E5870 /* RealmHomeViewController.m in Sources */,
				8F70A3CA2366EA91005900DC /* NSPersistentStore+MagicalRecord.m in Sources */,
				8F9B899D2367D5E200D74675 /* Student+CoreDataProperties.m in Sources */,
				8F70A2742366C014005900DC /* FMDatabaseQueue.m in Sources */,
				8F70A3DD2366EA91005900DC /* NSPersistentStoreCoordinator+MagicalRecord.m in Sources */,
				8F70A3D72366EA91005900DC /* NSAttributeDescription+MagicalDataImport.m in Sources */,
				8F70A2762366C014005900DC /* FMDatabase.m in Sources */,
				8F70A2812366C2C4005900DC /* People.m in Sources */,
				8F70A27E2366C260005900DC /* HandleFMDBModel.m in Sources */,
				8F70A2752366C014005900DC /* FMDatabaseAdditions.m in Sources */,
				8F9B899E2367D5E200D74675 /* Teacher+CoreDataClass.m in Sources */,
				8F9B899C2367D5E200D74675 /* Student+CoreDataClass.m in Sources */,
				8F70A3C62366EA91005900DC /* MagicalRecord+Actions.m in Sources */,
			);
			runOnlyForDeploymentPostprocessing = 0;
		};
		8F0F8BCB23604FD0006E5870 /* Sources */ = {
			isa = PBXSourcesBuildPhase;
			buildActionMask = 2147483647;
			files = (
				8F0F8BD423604FD0006E5870 /* NCDataBaseTests.m in Sources */,
			);
			runOnlyForDeploymentPostprocessing = 0;
		};
		8F0F8BD623604FD0006E5870 /* Sources */ = {
			isa = PBXSourcesBuildPhase;
			buildActionMask = 2147483647;
			files = (
				8F0F8BDF23604FD0006E5870 /* NCDataBaseUITests.m in Sources */,
			);
			runOnlyForDeploymentPostprocessing = 0;
		};
/* End PBXSourcesBuildPhase section */

/* Begin PBXTargetDependency section */
		8F0F8BD123604FD0006E5870 /* PBXTargetDependency */ = {
			isa = PBXTargetDependency;
			target = 8F0F8BB323604FCD006E5870 /* NCDataBase */;
			targetProxy = 8F0F8BD023604FD0006E5870 /* PBXContainerItemProxy */;
		};
		8F0F8BDC23604FD0006E5870 /* PBXTargetDependency */ = {
			isa = PBXTargetDependency;
			target = 8F0F8BB323604FCD006E5870 /* NCDataBase */;
			targetProxy = 8F0F8BDB23604FD0006E5870 /* PBXContainerItemProxy */;
		};
/* End PBXTargetDependency section */

/* Begin PBXVariantGroup section */
		8F0F8BC023604FCD006E5870 /* Main.storyboard */ = {
			isa = PBXVariantGroup;
			children = (
				8F0F8BC123604FCD006E5870 /* Base */,
			);
			name = Main.storyboard;
			sourceTree = "<group>";
		};
		8F0F8BC523604FD0006E5870 /* LaunchScreen.storyboard */ = {
			isa = PBXVariantGroup;
			children = (
				8F0F8BC623604FD0006E5870 /* Base */,
			);
			name = LaunchScreen.storyboard;
			sourceTree = "<group>";
		};
/* End PBXVariantGroup section */

/* Begin XCBuildConfiguration section */
		8F0F8BE123604FD0006E5870 /* Debug */ = {
			isa = XCBuildConfiguration;
			buildSettings = {
				ALWAYS_SEARCH_USER_PATHS = NO;
				CLANG_ANALYZER_NONNULL = YES;
				CLANG_ANALYZER_NUMBER_OBJECT_CONVERSION = YES_AGGRESSIVE;
				CLANG_CXX_LANGUAGE_STANDARD = "gnu++14";
				CLANG_CXX_LIBRARY = "libc++";
				CLANG_ENABLE_MODULES = YES;
				CLANG_ENABLE_OBJC_ARC = YES;
				CLANG_ENABLE_OBJC_WEAK = YES;
				CLANG_WARN_BLOCK_CAPTURE_AUTORELEASING = YES;
				CLANG_WARN_BOOL_CONVERSION = YES;
				CLANG_WARN_COMMA = YES;
				CLANG_WARN_CONSTANT_CONVERSION = YES;
				CLANG_WARN_DEPRECATED_OBJC_IMPLEMENTATIONS = YES;
				CLANG_WARN_DIRECT_OBJC_ISA_USAGE = YES_ERROR;
				CLANG_WARN_DOCUMENTATION_COMMENTS = YES;
				CLANG_WARN_EMPTY_BODY = YES;
				CLANG_WARN_ENUM_CONVERSION = YES;
				CLANG_WARN_INFINITE_RECURSION = YES;
				CLANG_WARN_INT_CONVERSION = YES;
				CLANG_WARN_NON_LITERAL_NULL_CONVERSION = YES;
				CLANG_WARN_OBJC_IMPLICIT_RETAIN_SELF = YES;
				CLANG_WARN_OBJC_LITERAL_CONVERSION = YES;
				CLANG_WARN_OBJC_ROOT_CLASS = YES_ERROR;
				CLANG_WARN_RANGE_LOOP_ANALYSIS = YES;
				CLANG_WARN_STRICT_PROTOTYPES = YES;
				CLANG_WARN_SUSPICIOUS_MOVE = YES;
				CLANG_WARN_UNGUARDED_AVAILABILITY = YES_AGGRESSIVE;
				CLANG_WARN_UNREACHABLE_CODE = YES;
				CLANG_WARN__DUPLICATE_METHOD_MATCH = YES;
				COPY_PHASE_STRIP = NO;
				DEBUG_INFORMATION_FORMAT = dwarf;
				ENABLE_STRICT_OBJC_MSGSEND = YES;
				ENABLE_TESTABILITY = YES;
				GCC_C_LANGUAGE_STANDARD = gnu11;
				GCC_DYNAMIC_NO_PIC = NO;
				GCC_NO_COMMON_BLOCKS = YES;
				GCC_OPTIMIZATION_LEVEL = 0;
				GCC_PREPROCESSOR_DEFINITIONS = (
					"DEBUG=1",
					"$(inherited)",
				);
				GCC_WARN_64_TO_32_BIT_CONVERSION = YES;
				GCC_WARN_ABOUT_RETURN_TYPE = YES_ERROR;
				GCC_WARN_UNDECLARED_SELECTOR = YES;
				GCC_WARN_UNINITIALIZED_AUTOS = YES_AGGRESSIVE;
				GCC_WARN_UNUSED_FUNCTION = YES;
				GCC_WARN_UNUSED_VARIABLE = YES;
				IPHONEOS_DEPLOYMENT_TARGET = 13.1;
				MTL_ENABLE_DEBUG_INFO = INCLUDE_SOURCE;
				MTL_FAST_MATH = YES;
				ONLY_ACTIVE_ARCH = YES;
				SDKROOT = iphoneos;
			};
			name = Debug;
		};
		8F0F8BE223604FD0006E5870 /* Release */ = {
			isa = XCBuildConfiguration;
			buildSettings = {
				ALWAYS_SEARCH_USER_PATHS = NO;
				CLANG_ANALYZER_NONNULL = YES;
				CLANG_ANALYZER_NUMBER_OBJECT_CONVERSION = YES_AGGRESSIVE;
				CLANG_CXX_LANGUAGE_STANDARD = "gnu++14";
				CLANG_CXX_LIBRARY = "libc++";
				CLANG_ENABLE_MODULES = YES;
				CLANG_ENABLE_OBJC_ARC = YES;
				CLANG_ENABLE_OBJC_WEAK = YES;
				CLANG_WARN_BLOCK_CAPTURE_AUTORELEASING = YES;
				CLANG_WARN_BOOL_CONVERSION = YES;
				CLANG_WARN_COMMA = YES;
				CLANG_WARN_CONSTANT_CONVERSION = YES;
				CLANG_WARN_DEPRECATED_OBJC_IMPLEMENTATIONS = YES;
				CLANG_WARN_DIRECT_OBJC_ISA_USAGE = YES_ERROR;
				CLANG_WARN_DOCUMENTATION_COMMENTS = YES;
				CLANG_WARN_EMPTY_BODY = YES;
				CLANG_WARN_ENUM_CONVERSION = YES;
				CLANG_WARN_INFINITE_RECURSION = YES;
				CLANG_WARN_INT_CONVERSION = YES;
				CLANG_WARN_NON_LITERAL_NULL_CONVERSION = YES;
				CLANG_WARN_OBJC_IMPLICIT_RETAIN_SELF = YES;
				CLANG_WARN_OBJC_LITERAL_CONVERSION = YES;
				CLANG_WARN_OBJC_ROOT_CLASS = YES_ERROR;
				CLANG_WARN_RANGE_LOOP_ANALYSIS = YES;
				CLANG_WARN_STRICT_PROTOTYPES = YES;
				CLANG_WARN_SUSPICIOUS_MOVE = YES;
				CLANG_WARN_UNGUARDED_AVAILABILITY = YES_AGGRESSIVE;
				CLANG_WARN_UNREACHABLE_CODE = YES;
				CLANG_WARN__DUPLICATE_METHOD_MATCH = YES;
				COPY_PHASE_STRIP = NO;
				DEBUG_INFORMATION_FORMAT = "dwarf-with-dsym";
				ENABLE_NS_ASSERTIONS = NO;
				ENABLE_STRICT_OBJC_MSGSEND = YES;
				GCC_C_LANGUAGE_STANDARD = gnu11;
				GCC_NO_COMMON_BLOCKS = YES;
				GCC_WARN_64_TO_32_BIT_CONVERSION = YES;
				GCC_WARN_ABOUT_RETURN_TYPE = YES_ERROR;
				GCC_WARN_UNDECLARED_SELECTOR = YES;
				GCC_WARN_UNINITIALIZED_AUTOS = YES_AGGRESSIVE;
				GCC_WARN_UNUSED_FUNCTION = YES;
				GCC_WARN_UNUSED_VARIABLE = YES;
				IPHONEOS_DEPLOYMENT_TARGET = 13.1;
				MTL_ENABLE_DEBUG_INFO = NO;
				MTL_FAST_MATH = YES;
				SDKROOT = iphoneos;
				VALIDATE_PRODUCT = YES;
			};
			name = Release;
		};
		8F0F8BE423604FD0006E5870 /* Debug */ = {
			isa = XCBuildConfiguration;
			buildSettings = {
				ASSETCATALOG_COMPILER_APPICON_NAME = AppIcon;
				CODE_SIGN_STYLE = Automatic;
				DEVELOPMENT_TEAM = 7XS355TM82;
				FRAMEWORK_SEARCH_PATHS = (
					"$(inherited)",
					"$(PROJECT_DIR)/NCDataBase/Realm/libs",
				);
				INFOPLIST_FILE = NCDataBase/Info.plist;
				IPHONEOS_DEPLOYMENT_TARGET = 10.0;
				LD_RUNPATH_SEARCH_PATHS = (
					"$(inherited)",
					"@executable_path/Frameworks",
				);
				PRODUCT_BUNDLE_IDENTIFIER = com.nicolas.NCDataBase;
				PRODUCT_NAME = "$(TARGET_NAME)";
				TARGETED_DEVICE_FAMILY = "1,2";
			};
			name = Debug;
		};
		8F0F8BE523604FD0006E5870 /* Release */ = {
			isa = XCBuildConfiguration;
			buildSettings = {
				ASSETCATALOG_COMPILER_APPICON_NAME = AppIcon;
				CODE_SIGN_STYLE = Automatic;
				DEVELOPMENT_TEAM = 7XS355TM82;
				FRAMEWORK_SEARCH_PATHS = (
					"$(inherited)",
					"$(PROJECT_DIR)/NCDataBase/Realm/libs",
				);
				INFOPLIST_FILE = NCDataBase/Info.plist;
				IPHONEOS_DEPLOYMENT_TARGET = 10.0;
				LD_RUNPATH_SEARCH_PATHS = (
					"$(inherited)",
					"@executable_path/Frameworks",
				);
				PRODUCT_BUNDLE_IDENTIFIER = com.nicolas.NCDataBase;
				PRODUCT_NAME = "$(TARGET_NAME)";
				TARGETED_DEVICE_FAMILY = "1,2";
			};
			name = Release;
		};
		8F0F8BE723604FD0006E5870 /* Debug */ = {
			isa = XCBuildConfiguration;
			buildSettings = {
				BUNDLE_LOADER = "$(TEST_HOST)";
				CODE_SIGN_STYLE = Automatic;
				DEVELOPMENT_TEAM = 7XS355TM82;
				INFOPLIST_FILE = NCDataBaseTests/Info.plist;
				IPHONEOS_DEPLOYMENT_TARGET = 13.1;
				LD_RUNPATH_SEARCH_PATHS = (
					"$(inherited)",
					"@executable_path/Frameworks",
					"@loader_path/Frameworks",
				);
				PRODUCT_BUNDLE_IDENTIFIER = com.nicolas.NCDataBaseTests;
				PRODUCT_NAME = "$(TARGET_NAME)";
				TARGETED_DEVICE_FAMILY = "1,2";
				TEST_HOST = "$(BUILT_PRODUCTS_DIR)/NCDataBase.app/NCDataBase";
			};
			name = Debug;
		};
		8F0F8BE823604FD0006E5870 /* Release */ = {
			isa = XCBuildConfiguration;
			buildSettings = {
				BUNDLE_LOADER = "$(TEST_HOST)";
				CODE_SIGN_STYLE = Automatic;
				DEVELOPMENT_TEAM = 7XS355TM82;
				INFOPLIST_FILE = NCDataBaseTests/Info.plist;
				IPHONEOS_DEPLOYMENT_TARGET = 13.1;
				LD_RUNPATH_SEARCH_PATHS = (
					"$(inherited)",
					"@executable_path/Frameworks",
					"@loader_path/Frameworks",
				);
				PRODUCT_BUNDLE_IDENTIFIER = com.nicolas.NCDataBaseTests;
				PRODUCT_NAME = "$(TARGET_NAME)";
				TARGETED_DEVICE_FAMILY = "1,2";
				TEST_HOST = "$(BUILT_PRODUCTS_DIR)/NCDataBase.app/NCDataBase";
			};
			name = Release;
		};
		8F0F8BEA23604FD0006E5870 /* Debug */ = {
			isa = XCBuildConfiguration;
			buildSettings = {
				CODE_SIGN_STYLE = Automatic;
				DEVELOPMENT_TEAM = 7XS355TM82;
				INFOPLIST_FILE = NCDataBaseUITests/Info.plist;
				LD_RUNPATH_SEARCH_PATHS = (
					"$(inherited)",
					"@executable_path/Frameworks",
					"@loader_path/Frameworks",
				);
				PRODUCT_BUNDLE_IDENTIFIER = com.nicolas.NCDataBaseUITests;
				PRODUCT_NAME = "$(TARGET_NAME)";
				TARGETED_DEVICE_FAMILY = "1,2";
				TEST_TARGET_NAME = NCDataBase;
			};
			name = Debug;
		};
		8F0F8BEB23604FD0006E5870 /* Release */ = {
			isa = XCBuildConfiguration;
			buildSettings = {
				CODE_SIGN_STYLE = Automatic;
				DEVELOPMENT_TEAM = 7XS355TM82;
				INFOPLIST_FILE = NCDataBaseUITests/Info.plist;
				LD_RUNPATH_SEARCH_PATHS = (
					"$(inherited)",
					"@executable_path/Frameworks",
					"@loader_path/Frameworks",
				);
				PRODUCT_BUNDLE_IDENTIFIER = com.nicolas.NCDataBaseUITests;
				PRODUCT_NAME = "$(TARGET_NAME)";
				TARGETED_DEVICE_FAMILY = "1,2";
				TEST_TARGET_NAME = NCDataBase;
			};
			name = Release;
		};
/* End XCBuildConfiguration section */

/* Begin XCConfigurationList section */
		8F0F8BAF23604FCD006E5870 /* Build configuration list for PBXProject "NCDataBase" */ = {
			isa = XCConfigurationList;
			buildConfigurations = (
				8F0F8BE123604FD0006E5870 /* Debug */,
				8F0F8BE223604FD0006E5870 /* Release */,
			);
			defaultConfigurationIsVisible = 0;
			defaultConfigurationName = Release;
		};
		8F0F8BE323604FD0006E5870 /* Build configuration list for PBXNativeTarget "NCDataBase" */ = {
			isa = XCConfigurationList;
			buildConfigurations = (
				8F0F8BE423604FD0006E5870 /* Debug */,
				8F0F8BE523604FD0006E5870 /* Release */,
			);
			defaultConfigurationIsVisible = 0;
			defaultConfigurationName = Release;
		};
		8F0F8BE623604FD0006E5870 /* Build configuration list for PBXNativeTarget "NCDataBaseTests" */ = {
			isa = XCConfigurationList;
			buildConfigurations = (
				8F0F8BE723604FD0006E5870 /* Debug */,
				8F0F8BE823604FD0006E5870 /* Release */,
			);
			defaultConfigurationIsVisible = 0;
			defaultConfigurationName = Release;
		};
		8F0F8BE923604FD0006E5870 /* Build configuration list for PBXNativeTarget "NCDataBaseUITests" */ = {
			isa = XCConfigurationList;
			buildConfigurations = (
				8F0F8BEA23604FD0006E5870 /* Debug */,
				8F0F8BEB23604FD0006E5870 /* Release */,
			);
			defaultConfigurationIsVisible = 0;
			defaultConfigurationName = Release;
		};
/* End XCConfigurationList section */

/* Begin XCVersionGroup section */
		8F9B89912367D3A200D74675 /* School.xcdatamodeld */ = {
			isa = XCVersionGroup;
			children = (
				8F9B89922367D3A200D74675 /* School.xcdatamodel */,
			);
			currentVersion = 8F9B89922367D3A200D74675 /* School.xcdatamodel */;
			path = School.xcdatamodeld;
			sourceTree = "<group>";
			versionGroupType = wrapper.xcdatamodel;
		};
/* End XCVersionGroup section */
	};
	rootObject = 8F0F8BAC23604FCD006E5870 /* Project object */;
}
